// !$*UTF8*$!
{
	archiveVersion = 1;
	classes = {
	};
	objectVersion = 50;
	objects = {

/* Begin PBXBuildFile section */
		897F7A6D20FCEEF700C1E9E9 /* AppDelegate.swift in Sources */ = {isa = PBXBuildFile; fileRef = 897F7A6C20FCEEF700C1E9E9 /* AppDelegate.swift */; };
		897F7A7220FCEEF700C1E9E9 /* Main.storyboard in Resources */ = {isa = PBXBuildFile; fileRef = 897F7A7020FCEEF700C1E9E9 /* Main.storyboard */; };
		897F7A7520FCEEF700C1E9E9 /* Cassini.xcdatamodeld in Sources */ = {isa = PBXBuildFile; fileRef = 897F7A7320FCEEF700C1E9E9 /* Cassini.xcdatamodeld */; };
		897F7A7720FCEEF800C1E9E9 /* Assets.xcassets in Resources */ = {isa = PBXBuildFile; fileRef = 897F7A7620FCEEF800C1E9E9 /* Assets.xcassets */; };
		897F7A7A20FCEEF800C1E9E9 /* LaunchScreen.storyboard in Resources */ = {isa = PBXBuildFile; fileRef = 897F7A7820FCEEF800C1E9E9 /* LaunchScreen.storyboard */; };
		897F7A8220FCEF9C00C1E9E9 /* ImageViewController.swift in Sources */ = {isa = PBXBuildFile; fileRef = 897F7A8120FCEF9C00C1E9E9 /* ImageViewController.swift */; };
		897F7A8420FD0AB200C1E9E9 /* URLs.swift in Sources */ = {isa = PBXBuildFile; fileRef = 897F7A8320FD0AB200C1E9E9 /* URLs.swift */; };
		897F7A8620FD0B0500C1E9E9 /* CassiniViewController.swift in Sources */ = {isa = PBXBuildFile; fileRef = 897F7A8520FD0B0500C1E9E9 /* CassiniViewController.swift */; };
/* End PBXBuildFile section */

/* Begin PBXFileReference section */
		897F7A6920FCEEF700C1E9E9 /* Cassini.app */ = {isa = PBXFileReference; explicitFileType = wrapper.application; includeInIndex = 0; path = Cassini.app; sourceTree = BUILT_PRODUCTS_DIR; };
		897F7A6C20FCEEF700C1E9E9 /* AppDelegate.swift */ = {isa = PBXFileReference; lastKnownFileType = sourcecode.swift; path = AppDelegate.swift; sourceTree = "<group>"; };
		897F7A7120FCEEF700C1E9E9 /* Base */ = {isa = PBXFileReference; lastKnownFileType = file.storyboard; name = Base; path = Base.lproj/Main.storyboard; sourceTree = "<group>"; };
		897F7A7420FCEEF700C1E9E9 /* Cassini.xcdatamodel */ = {isa = PBXFileReference; lastKnownFileType = wrapper.xcdatamodel; path = Cassini.xcdatamodel; sourceTree = "<group>"; };
		897F7A7620FCEEF800C1E9E9 /* Assets.xcassets */ = {isa = PBXFileReference; lastKnownFileType = folder.assetcatalog; path = Assets.xcassets; sourceTree = "<group>"; };
		897F7A7920FCEEF800C1E9E9 /* Base */ = {isa = PBXFileReference; lastKnownFileType = file.storyboard; name = Base; path = Base.lproj/LaunchScreen.storyboard; sourceTree = "<group>"; };
		897F7A7B20FCEEF800C1E9E9 /* Info.plist */ = {isa = PBXFileReference; lastKnownFileType = text.plist.xml; path = Info.plist; sourceTree = "<group>"; };
		897F7A8120FCEF9C00C1E9E9 /* ImageViewController.swift */ = {isa = PBXFileReference; lastKnownFileType = sourcecode.swift; path = ImageViewController.swift; sourceTree = "<group>"; };
		897F7A8320FD0AB200C1E9E9 /* URLs.swift */ = {isa = PBXFileReference; lastKnownFileType = sourcecode.swift; path = URLs.swift; sourceTree = "<group>"; };
		897F7A8520FD0B0500C1E9E9 /* CassiniViewController.swift */ = {isa = PBXFileReference; lastKnownFileType = sourcecode.swift; path = CassiniViewController.swift; sourceTree = "<group>"; };
/* End PBXFileReference section */

/* Begin PBXFrameworksBuildPhase section */
		897F7A6620FCEEF700C1E9E9 /* Frameworks */ = {
			isa = PBXFrameworksBuildPhase;
			buildActionMask = 2147483647;
			files = (
			);
			runOnlyForDeploymentPostprocessing = 0;
		};
/* End PBXFrameworksBuildPhase section */

/* Begin PBXGroup section */
		897F7A6020FCEEF700C1E9E9 = {
			isa = PBXGroup;
			children = (
				897F7A6B20FCEEF700C1E9E9 /* Cassini */,
				897F7A6A20FCEEF700C1E9E9 /* Products */,
			);
			sourceTree = "<group>";
		};
		897F7A6A20FCEEF700C1E9E9 /* Products */ = {
			isa = PBXGroup;
			children = (
				897F7A6920FCEEF700C1E9E9 /* Cassini.app */,
			);
			name = Products;
			sourceTree = "<group>";
		};
		897F7A6B20FCEEF700C1E9E9 /* Cassini */ = {
			isa = PBXGroup;
			children = (
				897F7A8120FCEF9C00C1E9E9 /* ImageViewController.swift */,
				897F7A6C20FCEEF700C1E9E9 /* AppDelegate.swift */,
				897F7A7020FCEEF700C1E9E9 /* Main.storyboard */,
				897F7A8320FD0AB200C1E9E9 /* URLs.swift */,
				897F7A8520FD0B0500C1E9E9 /* CassiniViewController.swift */,
				897F7A7620FCEEF800C1E9E9 /* Assets.xcassets */,
				897F7A7820FCEEF800C1E9E9 /* LaunchScreen.storyboard */,
				897F7A7B20FCEEF800C1E9E9 /* Info.plist */,
				897F7A7320FCEEF700C1E9E9 /* Cassini.xcdatamodeld */,
			);
			path = Cassini;
			sourceTree = "<group>";
		};
/* End PBXGroup section */

/* Begin PBXNativeTarget section */
		897F7A6820FCEEF700C1E9E9 /* Cassini */ = {
			isa = PBXNativeTarget;
			buildConfigurationList = 897F7A7E20FCEEF800C1E9E9 /* Build configuration list for PBXNativeTarget "Cassini" */;
			buildPhases = (
				897F7A6520FCEEF700C1E9E9 /* Sources */,
				897F7A6620FCEEF700C1E9E9 /* Frameworks */,
				897F7A6720FCEEF700C1E9E9 /* Resources */,
			);
			buildRules = (
			);
			dependencies = (
			);
			name = Cassini;
			productName = Cassini;
			productReference = 897F7A6920FCEEF700C1E9E9 /* Cassini.app */;
			productType = "com.apple.product-type.application";
		};
/* End PBXNativeTarget section */

/* Begin PBXProject section */
		897F7A6120FCEEF700C1E9E9 /* Project object */ = {
			isa = PBXProject;
			attributes = {
				LastSwiftUpdateCheck = 0940;
				LastUpgradeCheck = 0940;
				ORGANIZATIONNAME = NIKITOS;
				TargetAttributes = {
					897F7A6820FCEEF700C1E9E9 = {
						CreatedOnToolsVersion = 9.4.1;
					};
				};
			};
			buildConfigurationList = 897F7A6420FCEEF700C1E9E9 /* Build configuration list for PBXProject "Cassini" */;
			compatibilityVersion = "Xcode 9.3";
			developmentRegion = en;
			hasScannedForEncodings = 0;
			knownRegions = (
				en,
				Base,
			);
			mainGroup = 897F7A6020FCEEF700C1E9E9;
			productRefGroup = 897F7A6A20FCEEF700C1E9E9 /* Products */;
			projectDirPath = "";
			projectRoot = "";
			targets = (
				897F7A6820FCEEF700C1E9E9 /* Cassini */,
			);
		};
/* End PBXProject section */

/* Begin PBXResourcesBuildPhase section */
		897F7A6720FCEEF700C1E9E9 /* Resources */ = {
			isa = PBXResourcesBuildPhase;
			buildActionMask = 2147483647;
			files = (
				897F7A7A20FCEEF800C1E9E9 /* LaunchScreen.storyboard in Resources */,
				897F7A7720FCEEF800C1E9E9 /* Assets.xcassets in Resources */,
				897F7A7220FCEEF700C1E9E9 /* Main.storyboard in Resources */,
			);
			runOnlyForDeploymentPostprocessing = 0;
		};
/* End PBXResourcesBuildPhase section */

/* Begin PBXSourcesBuildPhase section */
		897F7A6520FCEEF700C1E9E9 /* Sources */ = {
			isa = PBXSourcesBuildPhase;
			buildActionMask = 2147483647;
			files = (
				897F7A7520FCEEF700C1E9E9 /* Cassini.xcdatamodeld in Sources */,
				897F7A8220FCEF9C00C1E9E9 /* ImageViewController.swift in Sources */,
				897F7A6D20FCEEF700C1E9E9 /* AppDelegate.swift in Sources */,
				897F7A8620FD0B0500C1E9E9 /* CassiniViewController.swift in Sources */,
				897F7A8420FD0AB200C1E9E9 /* URLs.swift in Sources */,
			);
			runOnlyForDeploymentPostprocessing = 0;
		};
/* End PBXSourcesBuildPhase section */

/* Begin PBXVariantGroup section */
		897F7A7020FCEEF700C1E9E9 /* Main.storyboard */ = {
			isa = PBXVariantGroup;
			children = (
				897F7A7120FCEEF700C1E9E9 /* Base */,
			);
			name = Main.storyboard;
			sourceTree = "<group>";
		};
		897F7A7820FCEEF800C1E9E9 /* LaunchScreen.storyboard */ = {
			isa = PBXVariantGroup;
			children = (
				897F7A7920FCEEF800C1E9E9 /* Base */,
			);
			name = LaunchScreen.storyboard;
			sourceTree = "<group>";
		};
/* End PBXVariantGroup section */

/* Begin XCBuildConfiguration section */
		897F7A7C20FCEEF800C1E9E9 /* Debug */ = {
			isa = XCBuildConfiguration;
			buildSettings = {
				ALWAYS_SEARCH_USER_PATHS = NO;
				CLANG_ANALYZER_NONNULL = YES;
				CLANG_ANALYZER_NUMBER_OBJECT_CONVERSION = YES_AGGRESSIVE;
				CLANG_CXX_LANGUAGE_STANDARD = "gnu++14";
				CLANG_CXX_LIBRARY = "libc++";
				CLANG_ENABLE_MODULES = YES;
				CLANG_ENABLE_OBJC_ARC = YES;
				CLANG_ENABLE_OBJC_WEAK = YES;
				CLANG_WARN_BLOCK_CAPTURE_AUTORELEASING = YES;
				CLANG_WARN_BOOL_CONVERSION = YES;
				CLANG_WARN_COMMA = YES;
				CLANG_WARN_CONSTANT_CONVERSION = YES;
				CLANG_WARN_DEPRECATED_OBJC_IMPLEMENTATIONS = YES;
				CLANG_WARN_DIRECT_OBJC_ISA_USAGE = YES_ERROR;
				CLANG_WARN_DOCUMENTATION_COMMENTS = YES;
				CLANG_WARN_EMPTY_BODY = YES;
				CLANG_WARN_ENUM_CONVERSION = YES;
				CLANG_WARN_INFINITE_RECURSION = YES;
				CLANG_WARN_INT_CONVERSION = YES;
				CLANG_WARN_NON_LITERAL_NULL_CONVERSION = YES;
				CLANG_WARN_OBJC_IMPLICIT_RETAIN_SELF = YES;
				CLANG_WARN_OBJC_LITERAL_CONVERSION = YES;
				CLANG_WARN_OBJC_ROOT_CLASS = YES_ERROR;
				CLANG_WARN_RANGE_LOOP_ANALYSIS = YES;
				CLANG_WARN_STRICT_PROTOTYPES = YES;
				CLANG_WARN_SUSPICIOUS_MOVE = YES;
				CLANG_WARN_UNGUARDED_AVAILABILITY = YES_AGGRESSIVE;
				CLANG_WARN_UNREACHABLE_CODE = YES;
				CLANG_WARN__DUPLICATE_METHOD_MATCH = YES;
				CODE_SIGN_IDENTITY = "iPhone Developer";
				COPY_PHASE_STRIP = NO;
				DEBUG_INFORMATION_FORMAT = dwarf;
				ENABLE_STRICT_OBJC_MSGSEND = YES;
				ENABLE_TESTABILITY = YES;
				GCC_C_LANGUAGE_STANDARD = gnu11;
				GCC_DYNAMIC_NO_PIC = NO;
				GCC_NO_COMMON_BLOCKS = YES;
				GCC_OPTIMIZATION_LEVEL = 0;
				GCC_PREPROCESSOR_DEFINITIONS = (
					"DEBUG=1",
					"$(inherited)",
				);
				GCC_WARN_64_TO_32_BIT_CONVERSION = YES;
				GCC_WARN_ABOUT_RETURN_TYPE = YES_ERROR;
				GCC_WARN_UNDECLARED_SELECTOR = YES;
				GCC_WARN_UNINITIALIZED_AUTOS = YES_AGGRESSIVE;
				GCC_WARN_UNUSED_FUNCTION = YES;
				GCC_WARN_UNUSED_VARIABLE = YES;
				IPHONEOS_DEPLOYMENT_TARGET = 11.4;
				MTL_ENABLE_DEBUG_INFO = YES;
				ONLY_ACTIVE_ARCH = YES;
				SDKROOT = iphoneos;
				SWIFT_ACTIVE_COMPILATION_CONDITIONS = DEBUG;
				SWIFT_OPTIMIZATION_LEVEL = "-Onone";
			};
			name = Debug;
		};
		897F7A7D20FCEEF800C1E9E9 /* Release */ = {
			isa = XCBuildConfiguration;
			buildSettings = {
				ALWAYS_SEARCH_USER_PATHS = NO;
				CLANG_ANALYZER_NONNULL = YES;
				CLANG_ANALYZER_NUMBER_OBJECT_CONVERSION = YES_AGGRESSIVE;
				CLANG_CXX_LANGUAGE_STANDARD = "gnu++14";
				CLANG_CXX_LIBRARY = "libc++";
				CLANG_ENABLE_MODULES = YES;
				CLANG_ENABLE_OBJC_ARC = YES;
				CLANG_ENABLE_OBJC_WEAK = YES;
				CLANG_WARN_BLOCK_CAPTURE_AUTORELEASING = YES;
				CLANG_WARN_BOOL_CONVERSION = YES;
				CLANG_WARN_COMMA = YES;
				CLANG_WARN_CONSTANT_CONVERSION = YES;
				CLANG_WARN_DEPRECATED_OBJC_IMPLEMENTATIONS = YES;
				CLANG_WARN_DIRECT_OBJC_ISA_USAGE = YES_ERROR;
				CLANG_WARN_DOCUMENTATION_COMMENTS = YES;
				CLANG_WARN_EMPTY_BODY = YES;
				CLANG_WARN_ENUM_CONVERSION = YES;
				CLANG_WARN_INFINITE_RECURSION = YES;
				CLANG_WARN_INT_CONVERSION = YES;
				CLANG_WARN_NON_LITERAL_NULL_CONVERSION = YES;
				CLANG_WARN_OBJC_IMPLICIT_RETAIN_SELF = YES;
				CLANG_WARN_OBJC_LITERAL_CONVERSION = YES;
				CLANG_WARN_OBJC_ROOT_CLASS = YES_ERROR;
				CLANG_WARN_RANGE_LOOP_ANALYSIS = YES;
				CLANG_WARN_STRICT_PROTOTYPES = YES;
				CLANG_WARN_SUSPICIOUS_MOVE = YES;
				CLANG_WARN_UNGUARDED_AVAILABILITY = YES_AGGRESSIVE;
				CLANG_WARN_UNREACHABLE_CODE = YES;
				CLANG_WARN__DUPLICATE_METHOD_MATCH = YES;
				CODE_SIGN_IDENTITY = "iPhone Developer";
				COPY_PHASE_STRIP = NO;
				DEBUG_INFORMATION_FORMAT = "dwarf-with-dsym";
				ENABLE_NS_ASSERTIONS = NO;
				ENABLE_STRICT_OBJC_MSGSEND = YES;
				GCC_C_LANGUAGE_STANDARD = gnu11;
				GCC_NO_COMMON_BLOCKS = YES;
				GCC_WARN_64_TO_32_BIT_CONVERSION = YES;
				GCC_WARN_ABOUT_RETURN_TYPE = YES_ERROR;
				GCC_WARN_UNDECLARED_SELECTOR = YES;
				GCC_WARN_UNINITIALIZED_AUTOS = YES_AGGRESSIVE;
				GCC_WARN_UNUSED_FUNCTION = YES;
				GCC_WARN_UNUSED_VARIABLE = YES;
				IPHONEOS_DEPLOYMENT_TARGET = 11.4;
				MTL_ENABLE_DEBUG_INFO = NO;
				SDKROOT = iphoneos;
				SWIFT_COMPILATION_MODE = wholemodule;
				SWIFT_OPTIMIZATION_LEVEL = "-O";
				VALIDATE_PRODUCT = YES;
			};
			name = Release;
		};
		897F7A7F20FCEEF800C1E9E9 /* Debug */ = {
			isa = XCBuildConfiguration;
			buildSettings = {
				ASSETCATALOG_COMPILER_APPICON_NAME = AppIcon;
				CODE_SIGN_STYLE = Automatic;
				DEVELOPMENT_TEAM = 7P8QRQA2T4;
				INFOPLIST_FILE = Cassini/Info.plist;
				LD_RUNPATH_SEARCH_PATHS = (
					"$(inherited)",
					"@executable_path/Frameworks",
				);
				PRODUCT_BUNDLE_IDENTIFIER = oak.dev.Cassini;
				PRODUCT_NAME = "$(TARGET_NAME)";
				SWIFT_VERSION = 4.0;
				TARGETED_DEVICE_FAMILY = "1,2";
			};
			name = Debug;
		};
		897F7A8020FCEEF800C1E9E9 /* Release */ = {
			isa = XCBuildConfiguration;
			buildSettings = {
				ASSETCATALOG_COMPILER_APPICON_NAME = AppIcon;
				CODE_SIGN_STYLE = Automatic;
				DEVELOPMENT_TEAM = 7P8QRQA2T4;
				INFOPLIST_FILE = Cassini/Info.plist;
				LD_RUNPATH_SEARCH_PATHS = (
					"$(inherited)",
					"@executable_path/Frameworks",
				);
				PRODUCT_BUNDLE_IDENTIFIER = oak.dev.Cassini;
				PRODUCT_NAME = "$(TARGET_NAME)";
				SWIFT_VERSION = 4.0;
				TARGETED_DEVICE_FAMILY = "1,2";
			};
			name = Release;
		};
/* End XCBuildConfiguration section */

/* Begin XCConfigurationList section */
		897F7A6420FCEEF700C1E9E9 /* Build configuration list for PBXProject "Cassini" */ = {
			isa = XCConfigurationList;
			buildConfigurations = (
				897F7A7C20FCEEF800C1E9E9 /* Debug */,
				897F7A7D20FCEEF800C1E9E9 /* Release */,
			);
			defaultConfigurationIsVisible = 0;
			defaultConfigurationName = Release;
		};
		897F7A7E20FCEEF800C1E9E9 /* Build configuration list for PBXNativeTarget "Cassini" */ = {
			isa = XCConfigurationList;
			buildConfigurations = (
				897F7A7F20FCEEF800C1E9E9 /* Debug */,
				897F7A8020FCEEF800C1E9E9 /* Release */,
			);
			defaultConfigurationIsVisible = 0;
			defaultConfigurationName = Release;
		};
/* End XCConfigurationList section */

/* Begin XCVersionGroup section */
		897F7A7320FCEEF700C1E9E9 /* Cassini.xcdatamodeld */ = {
			isa = XCVersionGroup;
			children = (
				897F7A7420FCEEF700C1E9E9 /* Cassini.xcdatamodel */,
			);
			currentVersion = 897F7A7420FCEEF700C1E9E9 /* Cassini.xcdatamodel */;
			path = Cassini.xcdatamodeld;
			sourceTree = "<group>";
			versionGroupType = wrapper.xcdatamodel;
		};
/* End XCVersionGroup section */
	};
	rootObject = 897F7A6120FCEEF700C1E9E9 /* Project object */;
}
