// !$*UTF8*$!
{
	archiveVersion = 1;
	classes = {
	};
	objectVersion = 50;
	objects = {

/* Begin PBXBuildFile section */
		89BA00E620F938270009120D /* AppDelegate.swift in Sources */ = {isa = PBXBuildFile; fileRef = 89BA00E520F938270009120D /* AppDelegate.swift */; };
		89BA00E820F938270009120D /* ViewController.swift in Sources */ = {isa = PBXBuildFile; fileRef = 89BA00E720F938270009120D /* ViewController.swift */; };
		89BA00EB20F938270009120D /* Main.storyboard in Resources */ = {isa = PBXBuildFile; fileRef = 89BA00E920F938270009120D /* Main.storyboard */; };
		89BA00EE20F938270009120D /* animations.xcdatamodeld in Sources */ = {isa = PBXBuildFile; fileRef = 89BA00EC20F938270009120D /* animations.xcdatamodeld */; };
		89BA00F020F938280009120D /* Assets.xcassets in Resources */ = {isa = PBXBuildFile; fileRef = 89BA00EF20F938280009120D /* Assets.xcassets */; };
		89BA00F320F938280009120D /* LaunchScreen.storyboard in Resources */ = {isa = PBXBuildFile; fileRef = 89BA00F120F938280009120D /* LaunchScreen.storyboard */; };
		89BA00FB20F9388B0009120D /* PlayingCardView.swift in Sources */ = {isa = PBXBuildFile; fileRef = 89BA00FA20F9388B0009120D /* PlayingCardView.swift */; };
		89BA00FD20F938BB0009120D /* PlayingCard.swift in Sources */ = {isa = PBXBuildFile; fileRef = 89BA00FC20F938BB0009120D /* PlayingCard.swift */; };
		89BA00FF20F938E30009120D /* PlayingCardDeck.swift in Sources */ = {isa = PBXBuildFile; fileRef = 89BA00FE20F938E30009120D /* PlayingCardDeck.swift */; };
		89BA010120F939050009120D /* DopeTechForModel.swift in Sources */ = {isa = PBXBuildFile; fileRef = 89BA010020F939050009120D /* DopeTechForModel.swift */; };
		89BA010320F939210009120D /* DopeTechForView.swift in Sources */ = {isa = PBXBuildFile; fileRef = 89BA010220F939210009120D /* DopeTechForView.swift */; };
		89BA010520FA78050009120D /* CardBehavior.swift in Sources */ = {isa = PBXBuildFile; fileRef = 89BA010420FA78050009120D /* CardBehavior.swift */; };
/* End PBXBuildFile section */

/* Begin PBXFileReference section */
		89BA00E220F938270009120D /* animations.app */ = {isa = PBXFileReference; explicitFileType = wrapper.application; includeInIndex = 0; path = animations.app; sourceTree = BUILT_PRODUCTS_DIR; };
		89BA00E520F938270009120D /* AppDelegate.swift */ = {isa = PBXFileReference; lastKnownFileType = sourcecode.swift; path = AppDelegate.swift; sourceTree = "<group>"; };
		89BA00E720F938270009120D /* ViewController.swift */ = {isa = PBXFileReference; lastKnownFileType = sourcecode.swift; path = ViewController.swift; sourceTree = "<group>"; };
		89BA00EA20F938270009120D /* Base */ = {isa = PBXFileReference; lastKnownFileType = file.storyboard; name = Base; path = Base.lproj/Main.storyboard; sourceTree = "<group>"; };
		89BA00ED20F938270009120D /* animations.xcdatamodel */ = {isa = PBXFileReference; lastKnownFileType = wrapper.xcdatamodel; path = animations.xcdatamodel; sourceTree = "<group>"; };
		89BA00EF20F938280009120D /* Assets.xcassets */ = {isa = PBXFileReference; lastKnownFileType = folder.assetcatalog; path = Assets.xcassets; sourceTree = "<group>"; };
		89BA00F220F938280009120D /* Base */ = {isa = PBXFileReference; lastKnownFileType = file.storyboard; name = Base; path = Base.lproj/LaunchScreen.storyboard; sourceTree = "<group>"; };
		89BA00F420F938280009120D /* Info.plist */ = {isa = PBXFileReference; lastKnownFileType = text.plist.xml; path = Info.plist; sourceTree = "<group>"; };
		89BA00FA20F9388B0009120D /* PlayingCardView.swift */ = {isa = PBXFileReference; lastKnownFileType = sourcecode.swift; path = PlayingCardView.swift; sourceTree = "<group>"; };
		89BA00FC20F938BB0009120D /* PlayingCard.swift */ = {isa = PBXFileReference; lastKnownFileType = sourcecode.swift; path = PlayingCard.swift; sourceTree = "<group>"; };
		89BA00FE20F938E30009120D /* PlayingCardDeck.swift */ = {isa = PBXFileReference; lastKnownFileType = sourcecode.swift; path = PlayingCardDeck.swift; sourceTree = "<group>"; };
		89BA010020F939050009120D /* DopeTechForModel.swift */ = {isa = PBXFileReference; lastKnownFileType = sourcecode.swift; path = DopeTechForModel.swift; sourceTree = "<group>"; };
		89BA010220F939210009120D /* DopeTechForView.swift */ = {isa = PBXFileReference; lastKnownFileType = sourcecode.swift; path = DopeTechForView.swift; sourceTree = "<group>"; };
		89BA010420FA78050009120D /* CardBehavior.swift */ = {isa = PBXFileReference; lastKnownFileType = sourcecode.swift; path = CardBehavior.swift; sourceTree = "<group>"; };
/* End PBXFileReference section */

/* Begin PBXFrameworksBuildPhase section */
		89BA00DF20F938270009120D /* Frameworks */ = {
			isa = PBXFrameworksBuildPhase;
			buildActionMask = 2147483647;
			files = (
			);
			runOnlyForDeploymentPostprocessing = 0;
		};
/* End PBXFrameworksBuildPhase section */

/* Begin PBXGroup section */
		89BA00D920F938270009120D = {
			isa = PBXGroup;
			children = (
				89BA00E420F938270009120D /* animations */,
				89BA00E320F938270009120D /* Products */,
			);
			sourceTree = "<group>";
		};
		89BA00E320F938270009120D /* Products */ = {
			isa = PBXGroup;
			children = (
				89BA00E220F938270009120D /* animations.app */,
			);
			name = Products;
			sourceTree = "<group>";
		};
		89BA00E420F938270009120D /* animations */ = {
			isa = PBXGroup;
			children = (
				89BA010420FA78050009120D /* CardBehavior.swift */,
				89BA00E520F938270009120D /* AppDelegate.swift */,
				89BA00E720F938270009120D /* ViewController.swift */,
				89BA00FE20F938E30009120D /* PlayingCardDeck.swift */,
				89BA010020F939050009120D /* DopeTechForModel.swift */,
				89BA010220F939210009120D /* DopeTechForView.swift */,
				89BA00FA20F9388B0009120D /* PlayingCardView.swift */,
				89BA00FC20F938BB0009120D /* PlayingCard.swift */,
				89BA00E920F938270009120D /* Main.storyboard */,
				89BA00EF20F938280009120D /* Assets.xcassets */,
				89BA00F120F938280009120D /* LaunchScreen.storyboard */,
				89BA00F420F938280009120D /* Info.plist */,
				89BA00EC20F938270009120D /* animations.xcdatamodeld */,
			);
			path = animations;
			sourceTree = "<group>";
		};
/* End PBXGroup section */

/* Begin PBXNativeTarget section */
		89BA00E120F938270009120D /* animations */ = {
			isa = PBXNativeTarget;
			buildConfigurationList = 89BA00F720F938280009120D /* Build configuration list for PBXNativeTarget "animations" */;
			buildPhases = (
				89BA00DE20F938270009120D /* Sources */,
				89BA00DF20F938270009120D /* Frameworks */,
				89BA00E020F938270009120D /* Resources */,
			);
			buildRules = (
			);
			dependencies = (
			);
			name = animations;
			productName = animations;
			productReference = 89BA00E220F938270009120D /* animations.app */;
			productType = "com.apple.product-type.application";
		};
/* End PBXNativeTarget section */

/* Begin PBXProject section */
		89BA00DA20F938270009120D /* Project object */ = {
			isa = PBXProject;
			attributes = {
				LastSwiftUpdateCheck = 0940;
				LastUpgradeCheck = 0940;
				ORGANIZATIONNAME = NIKITOS;
				TargetAttributes = {
					89BA00E120F938270009120D = {
						CreatedOnToolsVersion = 9.4.1;
					};
				};
			};
			buildConfigurationList = 89BA00DD20F938270009120D /* Build configuration list for PBXProject "animations" */;
			compatibilityVersion = "Xcode 9.3";
			developmentRegion = en;
			hasScannedForEncodings = 0;
			knownRegions = (
				en,
				Base,
			);
			mainGroup = 89BA00D920F938270009120D;
			productRefGroup = 89BA00E320F938270009120D /* Products */;
			projectDirPath = "";
			projectRoot = "";
			targets = (
				89BA00E120F938270009120D /* animations */,
			);
		};
/* End PBXProject section */

/* Begin PBXResourcesBuildPhase section */
		89BA00E020F938270009120D /* Resources */ = {
			isa = PBXResourcesBuildPhase;
			buildActionMask = 2147483647;
			files = (
				89BA00F320F938280009120D /* LaunchScreen.storyboard in Resources */,
				89BA00F020F938280009120D /* Assets.xcassets in Resources */,
				89BA00EB20F938270009120D /* Main.storyboard in Resources */,
			);
			runOnlyForDeploymentPostprocessing = 0;
		};
/* End PBXResourcesBuildPhase section */

/* Begin PBXSourcesBuildPhase section */
		89BA00DE20F938270009120D /* Sources */ = {
			isa = PBXSourcesBuildPhase;
			buildActionMask = 2147483647;
			files = (
				89BA00FD20F938BB0009120D /* PlayingCard.swift in Sources */,
				89BA00E820F938270009120D /* ViewController.swift in Sources */,
				89BA010520FA78050009120D /* CardBehavior.swift in Sources */,
				89BA00FB20F9388B0009120D /* PlayingCardView.swift in Sources */,
				89BA00FF20F938E30009120D /* PlayingCardDeck.swift in Sources */,
				89BA010120F939050009120D /* DopeTechForModel.swift in Sources */,
				89BA00E620F938270009120D /* AppDelegate.swift in Sources */,
				89BA010320F939210009120D /* DopeTechForView.swift in Sources */,
				89BA00EE20F938270009120D /* animations.xcdatamodeld in Sources */,
			);
			runOnlyForDeploymentPostprocessing = 0;
		};
/* End PBXSourcesBuildPhase section */

/* Begin PBXVariantGroup section */
		89BA00E920F938270009120D /* Main.storyboard */ = {
			isa = PBXVariantGroup;
			children = (
				89BA00EA20F938270009120D /* Base */,
			);
			name = Main.storyboard;
			sourceTree = "<group>";
		};
		89BA00F120F938280009120D /* LaunchScreen.storyboard */ = {
			isa = PBXVariantGroup;
			children = (
				89BA00F220F938280009120D /* Base */,
			);
			name = LaunchScreen.storyboard;
			sourceTree = "<group>";
		};
/* End PBXVariantGroup section */

/* Begin XCBuildConfiguration section */
		89BA00F520F938280009120D /* Debug */ = {
			isa = XCBuildConfiguration;
			buildSettings = {
				ALWAYS_SEARCH_USER_PATHS = NO;
				CLANG_ANALYZER_NONNULL = YES;
				CLANG_ANALYZER_NUMBER_OBJECT_CONVERSION = YES_AGGRESSIVE;
				CLANG_CXX_LANGUAGE_STANDARD = "gnu++14";
				CLANG_CXX_LIBRARY = "libc++";
				CLANG_ENABLE_MODULES = YES;
				CLANG_ENABLE_OBJC_ARC = YES;
				CLANG_ENABLE_OBJC_WEAK = YES;
				CLANG_WARN_BLOCK_CAPTURE_AUTORELEASING = YES;
				CLANG_WARN_BOOL_CONVERSION = YES;
				CLANG_WARN_COMMA = YES;
				CLANG_WARN_CONSTANT_CONVERSION = YES;
				CLANG_WARN_DEPRECATED_OBJC_IMPLEMENTATIONS = YES;
				CLANG_WARN_DIRECT_OBJC_ISA_USAGE = YES_ERROR;
				CLANG_WARN_DOCUMENTATION_COMMENTS = YES;
				CLANG_WARN_EMPTY_BODY = YES;
				CLANG_WARN_ENUM_CONVERSION = YES;
				CLANG_WARN_INFINITE_RECURSION = YES;
				CLANG_WARN_INT_CONVERSION = YES;
				CLANG_WARN_NON_LITERAL_NULL_CONVERSION = YES;
				CLANG_WARN_OBJC_IMPLICIT_RETAIN_SELF = YES;
				CLANG_WARN_OBJC_LITERAL_CONVERSION = YES;
				CLANG_WARN_OBJC_ROOT_CLASS = YES_ERROR;
				CLANG_WARN_RANGE_LOOP_ANALYSIS = YES;
				CLANG_WARN_STRICT_PROTOTYPES = YES;
				CLANG_WARN_SUSPICIOUS_MOVE = YES;
				CLANG_WARN_UNGUARDED_AVAILABILITY = YES_AGGRESSIVE;
				CLANG_WARN_UNREACHABLE_CODE = YES;
				CLANG_WARN__DUPLICATE_METHOD_MATCH = YES;
				CODE_SIGN_IDENTITY = "iPhone Developer";
				COPY_PHASE_STRIP = NO;
				DEBUG_INFORMATION_FORMAT = dwarf;
				ENABLE_STRICT_OBJC_MSGSEND = YES;
				ENABLE_TESTABILITY = YES;
				GCC_C_LANGUAGE_STANDARD = gnu11;
				GCC_DYNAMIC_NO_PIC = NO;
				GCC_NO_COMMON_BLOCKS = YES;
				GCC_OPTIMIZATION_LEVEL = 0;
				GCC_PREPROCESSOR_DEFINITIONS = (
					"DEBUG=1",
					"$(inherited)",
				);
				GCC_WARN_64_TO_32_BIT_CONVERSION = YES;
				GCC_WARN_ABOUT_RETURN_TYPE = YES_ERROR;
				GCC_WARN_UNDECLARED_SELECTOR = YES;
				GCC_WARN_UNINITIALIZED_AUTOS = YES_AGGRESSIVE;
				GCC_WARN_UNUSED_FUNCTION = YES;
				GCC_WARN_UNUSED_VARIABLE = YES;
				IPHONEOS_DEPLOYMENT_TARGET = 11.4;
				MTL_ENABLE_DEBUG_INFO = YES;
				ONLY_ACTIVE_ARCH = YES;
				SDKROOT = iphoneos;
				SWIFT_ACTIVE_COMPILATION_CONDITIONS = DEBUG;
				SWIFT_OPTIMIZATION_LEVEL = "-Onone";
			};
			name = Debug;
		};
		89BA00F620F938280009120D /* Release */ = {
			isa = XCBuildConfiguration;
			buildSettings = {
				ALWAYS_SEARCH_USER_PATHS = NO;
				CLANG_ANALYZER_NONNULL = YES;
				CLANG_ANALYZER_NUMBER_OBJECT_CONVERSION = YES_AGGRESSIVE;
				CLANG_CXX_LANGUAGE_STANDARD = "gnu++14";
				CLANG_CXX_LIBRARY = "libc++";
				CLANG_ENABLE_MODULES = YES;
				CLANG_ENABLE_OBJC_ARC = YES;
				CLANG_ENABLE_OBJC_WEAK = YES;
				CLANG_WARN_BLOCK_CAPTURE_AUTORELEASING = YES;
				CLANG_WARN_BOOL_CONVERSION = YES;
				CLANG_WARN_COMMA = YES;
				CLANG_WARN_CONSTANT_CONVERSION = YES;
				CLANG_WARN_DEPRECATED_OBJC_IMPLEMENTATIONS = YES;
				CLANG_WARN_DIRECT_OBJC_ISA_USAGE = YES_ERROR;
				CLANG_WARN_DOCUMENTATION_COMMENTS = YES;
				CLANG_WARN_EMPTY_BODY = YES;
				CLANG_WARN_ENUM_CONVERSION = YES;
				CLANG_WARN_INFINITE_RECURSION = YES;
				CLANG_WARN_INT_CONVERSION = YES;
				CLANG_WARN_NON_LITERAL_NULL_CONVERSION = YES;
				CLANG_WARN_OBJC_IMPLICIT_RETAIN_SELF = YES;
				CLANG_WARN_OBJC_LITERAL_CONVERSION = YES;
				CLANG_WARN_OBJC_ROOT_CLASS = YES_ERROR;
				CLANG_WARN_RANGE_LOOP_ANALYSIS = YES;
				CLANG_WARN_STRICT_PROTOTYPES = YES;
				CLANG_WARN_SUSPICIOUS_MOVE = YES;
				CLANG_WARN_UNGUARDED_AVAILABILITY = YES_AGGRESSIVE;
				CLANG_WARN_UNREACHABLE_CODE = YES;
				CLANG_WARN__DUPLICATE_METHOD_MATCH = YES;
				CODE_SIGN_IDENTITY = "iPhone Developer";
				COPY_PHASE_STRIP = NO;
				DEBUG_INFORMATION_FORMAT = "dwarf-with-dsym";
				ENABLE_NS_ASSERTIONS = NO;
				ENABLE_STRICT_OBJC_MSGSEND = YES;
				GCC_C_LANGUAGE_STANDARD = gnu11;
				GCC_NO_COMMON_BLOCKS = YES;
				GCC_WARN_64_TO_32_BIT_CONVERSION = YES;
				GCC_WARN_ABOUT_RETURN_TYPE = YES_ERROR;
				GCC_WARN_UNDECLARED_SELECTOR = YES;
				GCC_WARN_UNINITIALIZED_AUTOS = YES_AGGRESSIVE;
				GCC_WARN_UNUSED_FUNCTION = YES;
				GCC_WARN_UNUSED_VARIABLE = YES;
				IPHONEOS_DEPLOYMENT_TARGET = 11.4;
				MTL_ENABLE_DEBUG_INFO = NO;
				SDKROOT = iphoneos;
				SWIFT_COMPILATION_MODE = wholemodule;
				SWIFT_OPTIMIZATION_LEVEL = "-O";
				VALIDATE_PRODUCT = YES;
			};
			name = Release;
		};
		89BA00F820F938280009120D /* Debug */ = {
			isa = XCBuildConfiguration;
			buildSettings = {
				ASSETCATALOG_COMPILER_APPICON_NAME = AppIcon;
				CODE_SIGN_STYLE = Automatic;
				DEVELOPMENT_TEAM = 7P8QRQA2T4;
				INFOPLIST_FILE = animations/Info.plist;
				LD_RUNPATH_SEARCH_PATHS = (
					"$(inherited)",
					"@executable_path/Frameworks",
				);
				PRODUCT_BUNDLE_IDENTIFIER = oak.dev.animations;
				PRODUCT_NAME = "$(TARGET_NAME)";
				SWIFT_VERSION = 4.0;
				TARGETED_DEVICE_FAMILY = "1,2";
			};
			name = Debug;
		};
		89BA00F920F938280009120D /* Release */ = {
			isa = XCBuildConfiguration;
			buildSettings = {
				ASSETCATALOG_COMPILER_APPICON_NAME = AppIcon;
				CODE_SIGN_STYLE = Automatic;
				DEVELOPMENT_TEAM = 7P8QRQA2T4;
				INFOPLIST_FILE = animations/Info.plist;
				LD_RUNPATH_SEARCH_PATHS = (
					"$(inherited)",
					"@executable_path/Frameworks",
				);
				PRODUCT_BUNDLE_IDENTIFIER = oak.dev.animations;
				PRODUCT_NAME = "$(TARGET_NAME)";
				SWIFT_VERSION = 4.0;
				TARGETED_DEVICE_FAMILY = "1,2";
			};
			name = Release;
		};
/* End XCBuildConfiguration section */

/* Begin XCConfigurationList section */
		89BA00DD20F938270009120D /* Build configuration list for PBXProject "animations" */ = {
			isa = XCConfigurationList;
			buildConfigurations = (
				89BA00F520F938280009120D /* Debug */,
				89BA00F620F938280009120D /* Release */,
			);
			defaultConfigurationIsVisible = 0;
			defaultConfigurationName = Release;
		};
		89BA00F720F938280009120D /* Build configuration list for PBXNativeTarget "animations" */ = {
			isa = XCConfigurationList;
			buildConfigurations = (
				89BA00F820F938280009120D /* Debug */,
				89BA00F920F938280009120D /* Release */,
			);
			defaultConfigurationIsVisible = 0;
			defaultConfigurationName = Release;
		};
/* End XCConfigurationList section */

/* Begin XCVersionGroup section */
		89BA00EC20F938270009120D /* animations.xcdatamodeld */ = {
			isa = XCVersionGroup;
			children = (
				89BA00ED20F938270009120D /* animations.xcdatamodel */,
			);
			currentVersion = 89BA00ED20F938270009120D /* animations.xcdatamodel */;
			path = animations.xcdatamodeld;
			sourceTree = "<group>";
			versionGroupType = wrapper.xcdatamodel;
		};
/* End XCVersionGroup section */
	};
	rootObject = 89BA00DA20F938270009120D /* Project object */;
}
